
Microsoft Visual Studio Solution File, Format Version 12.00
# Visual Studio Version 16
VisualStudioVersion = 16.0.30114.105
MinimumVisualStudioVersion = 10.0.40219.1
Project("{9A19103F-16F7-4668-BE54-9A1E7A4F7556}") = "Engine", "engine\Engine.csproj", "{627C93CD-0AF6-4F76-A572-292CFA4189F7}"
EndProject
Project("{9A19103F-16F7-4668-BE54-9A1E7A4F7556}") = "Engine.Tests", "Engine.Tests\Engine.Tests.csproj", "{C366D9ED-5EB5-479E-92F0-B242052F700D}"
EndProject
Project("{2150E333-8FDC-42A3-9474-1A3956D46DE8}") = "Solution Items", "Solution Items", "{991287AD-C451-4A80-95B9-A23DE8CD90D4}"
	ProjectSection(SolutionItems) = preProject
		.gitignore = .gitignore
		README.md = README.md
	EndProjectSection
EndProject
Project("{9A19103F-16F7-4668-BE54-9A1E7A4F7556}") = "ApplicationInterface", "FerretSolverApi\ApplicationInterface.csproj", "{14C5F0B8-B142-4B4A-807E-BACFD00F5245}"
EndProject
Global
	GlobalSection(SolutionConfigurationPlatforms) = preSolution
		Debug|Any CPU = Debug|Any CPU
		Release|Any CPU = Release|Any CPU
	EndGlobalSection
	GlobalSection(ProjectConfigurationPlatforms) = postSolution
		{627C93CD-0AF6-4F76-A572-292CFA4189F7}.Debug|Any CPU.ActiveCfg = Debug|Any CPU
		{627C93CD-0AF6-4F76-A572-292CFA4189F7}.Debug|Any CPU.Build.0 = Debug|Any CPU
		{627C93CD-0AF6-4F76-A572-292CFA4189F7}.Release|Any CPU.ActiveCfg = Release|Any CPU
		{627C93CD-0AF6-4F76-A572-292CFA4189F7}.Release|Any CPU.Build.0 = Release|Any CPU
		{C366D9ED-5EB5-479E-92F0-B242052F700D}.Debug|Any CPU.ActiveCfg = Debug|Any CPU
		{C366D9ED-5EB5-479E-92F0-B242052F700D}.Debug|Any CPU.Build.0 = Debug|Any CPU
		{C366D9ED-5EB5-479E-92F0-B242052F700D}.Release|Any CPU.ActiveCfg = Release|Any CPU
		{C366D9ED-5EB5-479E-92F0-B242052F700D}.Release|Any CPU.Build.0 = Release|Any CPU
		{14C5F0B8-B142-4B4A-807E-BACFD00F5245}.Debug|Any CPU.ActiveCfg = Debug|Any CPU
		{14C5F0B8-B142-4B4A-807E-BACFD00F5245}.Debug|Any CPU.Build.0 = Debug|Any CPU
		{14C5F0B8-B142-4B4A-807E-BACFD00F5245}.Release|Any CPU.ActiveCfg = Release|Any CPU
		{14C5F0B8-B142-4B4A-807E-BACFD00F5245}.Release|Any CPU.Build.0 = Release|Any CPU
	EndGlobalSection
	GlobalSection(SolutionProperties) = preSolution
		HideSolutionNode = FALSE
	EndGlobalSection
	GlobalSection(ExtensibilityGlobals) = postSolution
		SolutionGuid = {C039C1C5-3AFB-4ED8-9FB7-3DC1277580E9}
	EndGlobalSection
EndGlobal
