
Microsoft Visual Studio Solution File, Format Version 12.00
# Visual Studio Version 16
VisualStudioVersion = 16.0.32228.343
MinimumVisualStudioVersion = 10.0.40219.1
Project("{FAE04EC0-301F-11D3-BF4B-00C04F79EFBC}") = "FerretFoodSolver", "FerretFoodSolver\FerretFoodSolver.csproj", "{A7EC54CC-22D2-4498-B05F-7D49932A9E6D}"
EndProject
Global
	GlobalSection(SolutionProperties) = preSolution
		HideSolutionNode = FALSE
	EndGlobalSection
	GlobalSection(ExtensibilityGlobals) = postSolution
		SolutionGuid = {C696D0CA-848E-41CC-B7EB-6941B6A06E25}
	EndGlobalSection
	GlobalSection(SolutionConfigurationPlatforms) = preSolution
		Debug|Any CPU = Debug|Any CPU
		Debug|x64 = Debug|x64
		Debug|x86 = Debug|x86
		Release|Any CPU = Release|Any CPU
		Release|x64 = Release|x64
		Release|x86 = Release|x86
	EndGlobalSection
	GlobalSection(ProjectConfigurationPlatforms) = postSolution
		{A7EC54CC-22D2-4498-B05F-7D49932A9E6D}.Debug|Any CPU.ActiveCfg = Debug|Any CPU
		{A7EC54CC-22D2-4498-B05F-7D49932A9E6D}.Debug|Any CPU.Build.0 = Debug|Any CPU
		{A7EC54CC-22D2-4498-B05F-7D49932A9E6D}.Debug|x64.ActiveCfg = Debug|Any CPU
		{A7EC54CC-22D2-4498-B05F-7D49932A9E6D}.Debug|x64.Build.0 = Debug|Any CPU
		{A7EC54CC-22D2-4498-B05F-7D49932A9E6D}.Debug|x86.ActiveCfg = Debug|Any CPU
		{A7EC54CC-22D2-4498-B05F-7D49932A9E6D}.Debug|x86.Build.0 = Debug|Any CPU
		{A7EC54CC-22D2-4498-B05F-7D49932A9E6D}.Release|Any CPU.ActiveCfg = Release|Any CPU
		{A7EC54CC-22D2-4498-B05F-7D49932A9E6D}.Release|Any CPU.Build.0 = Release|Any CPU
		{A7EC54CC-22D2-4498-B05F-7D49932A9E6D}.Release|x64.ActiveCfg = Release|Any CPU
		{A7EC54CC-22D2-4498-B05F-7D49932A9E6D}.Release|x64.Build.0 = Release|Any CPU
		{A7EC54CC-22D2-4498-B05F-7D49932A9E6D}.Release|x86.ActiveCfg = Release|Any CPU
		{A7EC54CC-22D2-4498-B05F-7D49932A9E6D}.Release|x86.Build.0 = Release|Any CPU
	EndGlobalSection
EndGlobal
